
Microsoft Visual Studio Solution File, Format Version 12.00
# Visual Studio 15
VisualStudioVersion = 15.0.27428.2015
MinimumVisualStudioVersion = 10.0.40219.1
Project("{FAE04EC0-301F-11D3-BF4B-00C04F79EFBC}") = "PrimeiraAplicacao", "PrimeiraAplicacao\PrimeiraAplicacao.csproj", "{5441DFC3-9935-45C7-AF91-D2EDCFCFFCC8}"
EndProject
Global
	GlobalSection(SolutionConfigurationPlatforms) = preSolution
		Debug|Any CPU = Debug|Any CPU
		Release|Any CPU = Release|Any CPU
	EndGlobalSection
	GlobalSection(ProjectConfigurationPlatforms) = postSolution
		{5441DFC3-9935-45C7-AF91-D2EDCFCFFCC8}.Debug|Any CPU.ActiveCfg = Debug|Any CPU
		{5441DFC3-9935-45C7-AF91-D2EDCFCFFCC8}.Debug|Any CPU.Build.0 = Debug|Any CPU
		{5441DFC3-9935-45C7-AF91-D2EDCFCFFCC8}.Release|Any CPU.ActiveCfg = Release|Any CPU
		{5441DFC3-9935-45C7-AF91-D2EDCFCFFCC8}.Release|Any CPU.Build.0 = Release|Any CPU
	EndGlobalSection
	GlobalSection(SolutionProperties) = preSolution
		HideSolutionNode = FALSE
	EndGlobalSection
	GlobalSection(ExtensibilityGlobals) = postSolution
		SolutionGuid = {5B8BA83C-84A9-408F-A65C-1B5AD930858D}
	EndGlobalSection
EndGlobal
