
Microsoft Visual Studio Solution File, Format Version 12.00
# Visual Studio 15
VisualStudioVersion = 15.0.27428.2015
MinimumVisualStudioVersion = 10.0.40219.1
Project("{FAE04EC0-301F-11D3-BF4B-00C04F79EFBC}") = "Enumerações", "Enumerações\Enumerações.csproj", "{D1798E6B-7C12-449E-BBDF-79032F4AB8AA}"
EndProject
Global
	GlobalSection(SolutionConfigurationPlatforms) = preSolution
		Debug|Any CPU = Debug|Any CPU
		Release|Any CPU = Release|Any CPU
	EndGlobalSection
	GlobalSection(ProjectConfigurationPlatforms) = postSolution
		{D1798E6B-7C12-449E-BBDF-79032F4AB8AA}.Debug|Any CPU.ActiveCfg = Debug|Any CPU
		{D1798E6B-7C12-449E-BBDF-79032F4AB8AA}.Debug|Any CPU.Build.0 = Debug|Any CPU
		{D1798E6B-7C12-449E-BBDF-79032F4AB8AA}.Release|Any CPU.ActiveCfg = Release|Any CPU
		{D1798E6B-7C12-449E-BBDF-79032F4AB8AA}.Release|Any CPU.Build.0 = Release|Any CPU
	EndGlobalSection
	GlobalSection(SolutionProperties) = preSolution
		HideSolutionNode = FALSE
	EndGlobalSection
	GlobalSection(ExtensibilityGlobals) = postSolution
		SolutionGuid = {4D2DB37B-5A7F-451E-B2D4-C2F2E4B68666}
	EndGlobalSection
EndGlobal
