
Microsoft Visual Studio Solution File, Format Version 12.00
# Visual Studio 15
VisualStudioVersion = 15.0.27428.2037
MinimumVisualStudioVersion = 10.0.40219.1
Project("{FAE04EC0-301F-11D3-BF4B-00C04F79EFBC}") = "CapturaVideo1", "CapturaVideo1\CapturaVideo1.csproj", "{51D6C067-0273-4FC7-A62A-7EF19F4AF637}"
EndProject
Global
	GlobalSection(SolutionConfigurationPlatforms) = preSolution
		Debug|Any CPU = Debug|Any CPU
		Release|Any CPU = Release|Any CPU
	EndGlobalSection
	GlobalSection(ProjectConfigurationPlatforms) = postSolution
		{51D6C067-0273-4FC7-A62A-7EF19F4AF637}.Debug|Any CPU.ActiveCfg = Debug|Any CPU
		{51D6C067-0273-4FC7-A62A-7EF19F4AF637}.Debug|Any CPU.Build.0 = Debug|Any CPU
		{51D6C067-0273-4FC7-A62A-7EF19F4AF637}.Release|Any CPU.ActiveCfg = Release|Any CPU
		{51D6C067-0273-4FC7-A62A-7EF19F4AF637}.Release|Any CPU.Build.0 = Release|Any CPU
	EndGlobalSection
	GlobalSection(SolutionProperties) = preSolution
		HideSolutionNode = FALSE
	EndGlobalSection
	GlobalSection(ExtensibilityGlobals) = postSolution
		SolutionGuid = {C638D9A4-4389-431A-A869-CAF68118A7F2}
	EndGlobalSection
EndGlobal
