
Microsoft Visual Studio Solution File, Format Version 12.00
# Visual Studio 15
VisualStudioVersion = 15.0.27428.2015
MinimumVisualStudioVersion = 10.0.40219.1
Project("{FAE04EC0-301F-11D3-BF4B-00C04F79EFBC}") = "Menus", "Menus\Menus.csproj", "{A639F0CA-EC55-4DA5-BC95-C398AD26462D}"
EndProject
Global
	GlobalSection(SolutionConfigurationPlatforms) = preSolution
		Debug|Any CPU = Debug|Any CPU
		Release|Any CPU = Release|Any CPU
	EndGlobalSection
	GlobalSection(ProjectConfigurationPlatforms) = postSolution
		{A639F0CA-EC55-4DA5-BC95-C398AD26462D}.Debug|Any CPU.ActiveCfg = Debug|Any CPU
		{A639F0CA-EC55-4DA5-BC95-C398AD26462D}.Debug|Any CPU.Build.0 = Debug|Any CPU
		{A639F0CA-EC55-4DA5-BC95-C398AD26462D}.Release|Any CPU.ActiveCfg = Release|Any CPU
		{A639F0CA-EC55-4DA5-BC95-C398AD26462D}.Release|Any CPU.Build.0 = Release|Any CPU
	EndGlobalSection
	GlobalSection(SolutionProperties) = preSolution
		HideSolutionNode = FALSE
	EndGlobalSection
	GlobalSection(ExtensibilityGlobals) = postSolution
		SolutionGuid = {11A7C8CA-B246-4FD9-90CB-92A0D8763690}
	EndGlobalSection
EndGlobal
