
Microsoft Visual Studio Solution File, Format Version 12.00
# Visual Studio 15
VisualStudioVersion = 15.0.27428.2043
MinimumVisualStudioVersion = 10.0.40219.1
Project("{FAE04EC0-301F-11D3-BF4B-00C04F79EFBC}") = "Introducao", "Introducao\Introducao.csproj", "{C986E492-FF00-44F3-9D27-4CBDEFB0018F}"
EndProject
Global
	GlobalSection(SolutionConfigurationPlatforms) = preSolution
		Debug|Any CPU = Debug|Any CPU
		Release|Any CPU = Release|Any CPU
	EndGlobalSection
	GlobalSection(ProjectConfigurationPlatforms) = postSolution
		{C986E492-FF00-44F3-9D27-4CBDEFB0018F}.Debug|Any CPU.ActiveCfg = Debug|Any CPU
		{C986E492-FF00-44F3-9D27-4CBDEFB0018F}.Debug|Any CPU.Build.0 = Debug|Any CPU
		{C986E492-FF00-44F3-9D27-4CBDEFB0018F}.Release|Any CPU.ActiveCfg = Release|Any CPU
		{C986E492-FF00-44F3-9D27-4CBDEFB0018F}.Release|Any CPU.Build.0 = Release|Any CPU
	EndGlobalSection
	GlobalSection(SolutionProperties) = preSolution
		HideSolutionNode = FALSE
	EndGlobalSection
	GlobalSection(ExtensibilityGlobals) = postSolution
		SolutionGuid = {4D291EA1-F58A-4954-89AF-00F68F1DB92B}
	EndGlobalSection
EndGlobal
