
Microsoft Visual Studio Solution File, Format Version 12.00
# Visual Studio 15
VisualStudioVersion = 15.0.27428.2015
MinimumVisualStudioVersion = 10.0.40219.1
Project("{FAE04EC0-301F-11D3-BF4B-00C04F79EFBC}") = "Condições", "Condições\Condições.csproj", "{3B252881-8471-4CEC-993E-DDE480315466}"
EndProject
Global
	GlobalSection(SolutionConfigurationPlatforms) = preSolution
		Debug|Any CPU = Debug|Any CPU
		Release|Any CPU = Release|Any CPU
	EndGlobalSection
	GlobalSection(ProjectConfigurationPlatforms) = postSolution
		{3B252881-8471-4CEC-993E-DDE480315466}.Debug|Any CPU.ActiveCfg = Debug|Any CPU
		{3B252881-8471-4CEC-993E-DDE480315466}.Debug|Any CPU.Build.0 = Debug|Any CPU
		{3B252881-8471-4CEC-993E-DDE480315466}.Release|Any CPU.ActiveCfg = Release|Any CPU
		{3B252881-8471-4CEC-993E-DDE480315466}.Release|Any CPU.Build.0 = Release|Any CPU
	EndGlobalSection
	GlobalSection(SolutionProperties) = preSolution
		HideSolutionNode = FALSE
	EndGlobalSection
	GlobalSection(ExtensibilityGlobals) = postSolution
		SolutionGuid = {028771FE-2D4D-4DBC-9C5B-F313091FA080}
	EndGlobalSection
EndGlobal
